
Microsoft Visual Studio Solution File, Format Version 12.00
# Visual Studio Version 16
VisualStudioVersion = 16.0.29020.237
MinimumVisualStudioVersion = 10.0.40219.1
Project("{FAE04EC0-301F-11D3-BF4B-00C04F79EFBC}") = "WebStockInformation", "WebStockInformation\WebStockInformation.csproj", "{BB7D86C9-12DD-43ED-8054-249126805463}"
EndProject
Project("{FAE04EC0-301F-11D3-BF4B-00C04F79EFBC}") = "WebStockInformation.Tests", "WebStockInformation.Tests\WebStockInformation.Tests.csproj", "{DD431E81-9BF3-4EA7-B9DA-07C6A2773B67}"
EndProject
Global
	GlobalSection(SolutionConfigurationPlatforms) = preSolution
		Debug|Any CPU = Debug|Any CPU
		Release|Any CPU = Release|Any CPU
	EndGlobalSection
	GlobalSection(ProjectConfigurationPlatforms) = postSolution
		{BB7D86C9-12DD-43ED-8054-249126805463}.Debug|Any CPU.ActiveCfg = Debug|Any CPU
		{BB7D86C9-12DD-43ED-8054-249126805463}.Debug|Any CPU.Build.0 = Debug|Any CPU
		{BB7D86C9-12DD-43ED-8054-249126805463}.Release|Any CPU.ActiveCfg = Release|Any CPU
		{BB7D86C9-12DD-43ED-8054-249126805463}.Release|Any CPU.Build.0 = Release|Any CPU
		{DD431E81-9BF3-4EA7-B9DA-07C6A2773B67}.Debug|Any CPU.ActiveCfg = Debug|Any CPU
		{DD431E81-9BF3-4EA7-B9DA-07C6A2773B67}.Debug|Any CPU.Build.0 = Debug|Any CPU
		{DD431E81-9BF3-4EA7-B9DA-07C6A2773B67}.Release|Any CPU.ActiveCfg = Release|Any CPU
		{DD431E81-9BF3-4EA7-B9DA-07C6A2773B67}.Release|Any CPU.Build.0 = Release|Any CPU
	EndGlobalSection
	GlobalSection(SolutionProperties) = preSolution
		HideSolutionNode = FALSE
	EndGlobalSection
	GlobalSection(ExtensibilityGlobals) = postSolution
		SolutionGuid = {73DC4605-4A77-43C2-9148-B1E1261F4BC3}
	EndGlobalSection
EndGlobal
